// !$*UTF8*$!
{
	archiveVersion = 1;
	classes = {
	};
	objectVersion = 46;
	objects = {

/* Begin PBXBuildFile section */
		384C0F3319C13C4200216DB2 /* Foundation.framework in Frameworks */ = {isa = PBXBuildFile; fileRef = 384C0F3219C13C4200216DB2 /* Foundation.framework */; };
		384C0F3519C13C4200216DB2 /* CoreGraphics.framework in Frameworks */ = {isa = PBXBuildFile; fileRef = 384C0F3419C13C4200216DB2 /* CoreGraphics.framework */; };
		384C0F3719C13C4200216DB2 /* UIKit.framework in Frameworks */ = {isa = PBXBuildFile; fileRef = 384C0F3619C13C4200216DB2 /* UIKit.framework */; };
		384C0F3D19C13C4200216DB2 /* InfoPlist.strings in Resources */ = {isa = PBXBuildFile; fileRef = 384C0F3B19C13C4200216DB2 /* InfoPlist.strings */; };
		384C0F3F19C13C4200216DB2 /* main.m in Sources */ = {isa = PBXBuildFile; fileRef = 384C0F3E19C13C4200216DB2 /* main.m */; };
		384C0F4319C13C4200216DB2 /* AppDelegate.m in Sources */ = {isa = PBXBuildFile; fileRef = 384C0F4219C13C4200216DB2 /* AppDelegate.m */; };
		384C0F4619C13C4200216DB2 /* RootViewController.m in Sources */ = {isa = PBXBuildFile; fileRef = 384C0F4519C13C4200216DB2 /* RootViewController.m */; };
		384C0F4919C13C4200216DB2 /* DataViewController.m in Sources */ = {isa = PBXBuildFile; fileRef = 384C0F4819C13C4200216DB2 /* DataViewController.m */; };
		384C0F4F19C13C4200216DB2 /* Main.storyboard in Resources */ = {isa = PBXBuildFile; fileRef = 384C0F4D19C13C4200216DB2 /* Main.storyboard */; };
		384C0F5119C13C4200216DB2 /* Images.xcassets in Resources */ = {isa = PBXBuildFile; fileRef = 384C0F5019C13C4200216DB2 /* Images.xcassets */; };
		384C0F5819C13C4300216DB2 /* XCTest.framework in Frameworks */ = {isa = PBXBuildFile; fileRef = 384C0F5719C13C4300216DB2 /* XCTest.framework */; };
		384C0F5919C13C4300216DB2 /* Foundation.framework in Frameworks */ = {isa = PBXBuildFile; fileRef = 384C0F3219C13C4200216DB2 /* Foundation.framework */; };
		384C0F5A19C13C4300216DB2 /* UIKit.framework in Frameworks */ = {isa = PBXBuildFile; fileRef = 384C0F3619C13C4200216DB2 /* UIKit.framework */; };
		384C0F6219C13C4300216DB2 /* InfoPlist.strings in Resources */ = {isa = PBXBuildFile; fileRef = 384C0F6019C13C4300216DB2 /* InfoPlist.strings */; };
		384C0F6419C13C4300216DB2 /* EBookDemoTests.m in Sources */ = {isa = PBXBuildFile; fileRef = 384C0F6319C13C4300216DB2 /* EBookDemoTests.m */; };
		384C0F7D19C1581200216DB2 /* 1.jpg in Resources */ = {isa = PBXBuildFile; fileRef = 384C0F6E19C1581200216DB2 /* 1.jpg */; };
		384C0F7E19C1581200216DB2 /* 10.jpg in Resources */ = {isa = PBXBuildFile; fileRef = 384C0F6F19C1581200216DB2 /* 10.jpg */; };
		384C0F7F19C1581200216DB2 /* 11.jpg in Resources */ = {isa = PBXBuildFile; fileRef = 384C0F7019C1581200216DB2 /* 11.jpg */; };
		384C0F8019C1581200216DB2 /* 12.jpg in Resources */ = {isa = PBXBuildFile; fileRef = 384C0F7119C1581200216DB2 /* 12.jpg */; };
		384C0F8119C1581200216DB2 /* 13.jpg in Resources */ = {isa = PBXBuildFile; fileRef = 384C0F7219C1581200216DB2 /* 13.jpg */; };
		384C0F8219C1581200216DB2 /* 14.jpg in Resources */ = {isa = PBXBuildFile; fileRef = 384C0F7319C1581200216DB2 /* 14.jpg */; };
		384C0F8319C1581200216DB2 /* 15.jpg in Resources */ = {isa = PBXBuildFile; fileRef = 384C0F7419C1581200216DB2 /* 15.jpg */; };
		384C0F8419C1581200216DB2 /* 2.jpg in Resources */ = {isa = PBXBuildFile; fileRef = 384C0F7519C1581200216DB2 /* 2.jpg */; };
		384C0F8519C1581200216DB2 /* 3.jpg in Resources */ = {isa = PBXBuildFile; fileRef = 384C0F7619C1581200216DB2 /* 3.jpg */; };
		384C0F8619C1581200216DB2 /* 4.jpg in Resources */ = {isa = PBXBuildFile; fileRef = 384C0F7719C1581200216DB2 /* 4.jpg */; };
		384C0F8719C1581200216DB2 /* 5.jpg in Resources */ = {isa = PBXBuildFile; fileRef = 384C0F7819C1581200216DB2 /* 5.jpg */; };
		384C0F8819C1581200216DB2 /* 6.jpg in Resources */ = {isa = PBXBuildFile; fileRef = 384C0F7919C1581200216DB2 /* 6.jpg */; };
		384C0F8919C1581200216DB2 /* 7.jpg in Resources */ = {isa = PBXBuildFile; fileRef = 384C0F7A19C1581200216DB2 /* 7.jpg */; };
		384C0F8A19C1581200216DB2 /* 8.jpg in Resources */ = {isa = PBXBuildFile; fileRef = 384C0F7B19C1581200216DB2 /* 8.jpg */; };
		384C0F8B19C1581200216DB2 /* 9.jpg in Resources */ = {isa = PBXBuildFile; fileRef = 384C0F7C19C1581200216DB2 /* 9.jpg */; };
/* End PBXBuildFile section */

/* Begin PBXContainerItemProxy section */
		384C0F5B19C13C4300216DB2 /* PBXContainerItemProxy */ = {
			isa = PBXContainerItemProxy;
			containerPortal = 384C0F2719C13C4200216DB2 /* Project object */;
			proxyType = 1;
			remoteGlobalIDString = 384C0F2E19C13C4200216DB2;
			remoteInfo = EBookDemo;
		};
/* End PBXContainerItemProxy section */

/* Begin PBXFileReference section */
		384C0F2F19C13C4200216DB2 /* EBookDemo.app */ = {isa = PBXFileReference; explicitFileType = wrapper.application; includeInIndex = 0; path = EBookDemo.app; sourceTree = BUILT_PRODUCTS_DIR; };
		384C0F3219C13C4200216DB2 /* Foundation.framework */ = {isa = PBXFileReference; lastKnownFileType = wrapper.framework; name = Foundation.framework; path = System/Library/Frameworks/Foundation.framework; sourceTree = SDKROOT; };
		384C0F3419C13C4200216DB2 /* CoreGraphics.framework */ = {isa = PBXFileReference; lastKnownFileType = wrapper.framework; name = CoreGraphics.framework; path = System/Library/Frameworks/CoreGraphics.framework; sourceTree = SDKROOT; };
		384C0F3619C13C4200216DB2 /* UIKit.framework */ = {isa = PBXFileReference; lastKnownFileType = wrapper.framework; name = UIKit.framework; path = System/Library/Frameworks/UIKit.framework; sourceTree = SDKROOT; };
		384C0F3A19C13C4200216DB2 /* EBookDemo-Info.plist */ = {isa = PBXFileReference; lastKnownFileType = text.plist.xml; path = "EBookDemo-Info.plist"; sourceTree = "<group>"; };
		384C0F3C19C13C4200216DB2 /* en */ = {isa = PBXFileReference; lastKnownFileType = text.plist.strings; name = en; path = en.lproj/InfoPlist.strings; sourceTree = "<group>"; };
		384C0F3E19C13C4200216DB2 /* main.m */ = {isa = PBXFileReference; lastKnownFileType = sourcecode.c.objc; path = main.m; sourceTree = "<group>"; };
		384C0F4019C13C4200216DB2 /* EBookDemo-Prefix.pch */ = {isa = PBXFileReference; lastKnownFileType = sourcecode.c.h; path = "EBookDemo-Prefix.pch"; sourceTree = "<group>"; };
		384C0F4119C13C4200216DB2 /* AppDelegate.h */ = {isa = PBXFileReference; lastKnownFileType = sourcecode.c.h; path = AppDelegate.h; sourceTree = "<group>"; };
		384C0F4219C13C4200216DB2 /* AppDelegate.m */ = {isa = PBXFileReference; lastKnownFileType = sourcecode.c.objc; path = AppDelegate.m; sourceTree = "<group>"; };
		384C0F4419C13C4200216DB2 /* RootViewController.h */ = {isa = PBXFileReference; lastKnownFileType = sourcecode.c.h; path = RootViewController.h; sourceTree = "<group>"; };
		384C0F4519C13C4200216DB2 /* RootViewController.m */ = {isa = PBXFileReference; lastKnownFileType = sourcecode.c.objc; path = RootViewController.m; sourceTree = "<group>"; };
		384C0F4719C13C4200216DB2 /* DataViewController.h */ = {isa = PBXFileReference; lastKnownFileType = sourcecode.c.h; path = DataViewController.h; sourceTree = "<group>"; };
		384C0F4819C13C4200216DB2 /* DataViewController.m */ = {isa = PBXFileReference; lastKnownFileType = sourcecode.c.objc; path = DataViewController.m; sourceTree = "<group>"; };
		384C0F4E19C13C4200216DB2 /* Base */ = {isa = PBXFileReference; lastKnownFileType = file.storyboard; name = Base; path = Base.lproj/Main.storyboard; sourceTree = "<group>"; };
		384C0F5019C13C4200216DB2 /* Images.xcassets */ = {isa = PBXFileReference; lastKnownFileType = folder.assetcatalog; path = Images.xcassets; sourceTree = "<group>"; };
		384C0F5619C13C4300216DB2 /* EBookDemoTests.xctest */ = {isa = PBXFileReference; explicitFileType = wrapper.cfbundle; includeInIndex = 0; path = EBookDemoTests.xctest; sourceTree = BUILT_PRODUCTS_DIR; };
		384C0F5719C13C4300216DB2 /* XCTest.framework */ = {isa = PBXFileReference; lastKnownFileType = wrapper.framework; name = XCTest.framework; path = Library/Frameworks/XCTest.framework; sourceTree = DEVELOPER_DIR; };
		384C0F5F19C13C4300216DB2 /* EBookDemoTests-Info.plist */ = {isa = PBXFileReference; lastKnownFileType = text.plist.xml; path = "EBookDemoTests-Info.plist"; sourceTree = "<group>"; };
		384C0F6119C13C4300216DB2 /* en */ = {isa = PBXFileReference; lastKnownFileType = text.plist.strings; name = en; path = en.lproj/InfoPlist.strings; sourceTree = "<group>"; };
		384C0F6319C13C4300216DB2 /* EBookDemoTests.m */ = {isa = PBXFileReference; lastKnownFileType = sourcecode.c.objc; path = EBookDemoTests.m; sourceTree = "<group>"; };
		384C0F6E19C1581200216DB2 /* 1.jpg */ = {isa = PBXFileReference; lastKnownFileType = image.jpeg; path = 1.jpg; sourceTree = "<group>"; };
		384C0F6F19C1581200216DB2 /* 10.jpg */ = {isa = PBXFileReference; lastKnownFileType = image.jpeg; path = 10.jpg; sourceTree = "<group>"; };
		384C0F7019C1581200216DB2 /* 11.jpg */ = {isa = PBXFileReference; lastKnownFileType = image.jpeg; path = 11.jpg; sourceTree = "<group>"; };
		384C0F7119C1581200216DB2 /* 12.jpg */ = {isa = PBXFileReference; lastKnownFileType = image.jpeg; path = 12.jpg; sourceTree = "<group>"; };
		384C0F7219C1581200216DB2 /* 13.jpg */ = {isa = PBXFileReference; lastKnownFileType = image.jpeg; path = 13.jpg; sourceTree = "<group>"; };
		384C0F7319C1581200216DB2 /* 14.jpg */ = {isa = PBXFileReference; lastKnownFileType = image.jpeg; path = 14.jpg; sourceTree = "<group>"; };
		384C0F7419C1581200216DB2 /* 15.jpg */ = {isa = PBXFileReference; lastKnownFileType = image.jpeg; path = 15.jpg; sourceTree = "<group>"; };
		384C0F7519C1581200216DB2 /* 2.jpg */ = {isa = PBXFileReference; lastKnownFileType = image.jpeg; path = 2.jpg; sourceTree = "<group>"; };
		384C0F7619C1581200216DB2 /* 3.jpg */ = {isa = PBXFileReference; lastKnownFileType = image.jpeg; path = 3.jpg; sourceTree = "<group>"; };
		384C0F7719C1581200216DB2 /* 4.jpg */ = {isa = PBXFileReference; lastKnownFileType = image.jpeg; path = 4.jpg; sourceTree = "<group>"; };
		384C0F7819C1581200216DB2 /* 5.jpg */ = {isa = PBXFileReference; lastKnownFileType = image.jpeg; path = 5.jpg; sourceTree = "<group>"; };
		384C0F7919C1581200216DB2 /* 6.jpg */ = {isa = PBXFileReference; lastKnownFileType = image.jpeg; path = 6.jpg; sourceTree = "<group>"; };
		384C0F7A19C1581200216DB2 /* 7.jpg */ = {isa = PBXFileReference; lastKnownFileType = image.jpeg; path = 7.jpg; sourceTree = "<group>"; };
		384C0F7B19C1581200216DB2 /* 8.jpg */ = {isa = PBXFileReference; lastKnownFileType = image.jpeg; path = 8.jpg; sourceTree = "<group>"; };
		384C0F7C19C1581200216DB2 /* 9.jpg */ = {isa = PBXFileReference; lastKnownFileType = image.jpeg; path = 9.jpg; sourceTree = "<group>"; };
/* End PBXFileReference section */

/* Begin PBXFrameworksBuildPhase section */
		384C0F2C19C13C4200216DB2 /* Frameworks */ = {
			isa = PBXFrameworksBuildPhase;
			buildActionMask = 2147483647;
			files = (
				384C0F3519C13C4200216DB2 /* CoreGraphics.framework in Frameworks */,
				384C0F3719C13C4200216DB2 /* UIKit.framework in Frameworks */,
				384C0F3319C13C4200216DB2 /* Foundation.framework in Frameworks */,
			);
			runOnlyForDeploymentPostprocessing = 0;
		};
		384C0F5319C13C4300216DB2 /* Frameworks */ = {
			isa = PBXFrameworksBuildPhase;
			buildActionMask = 2147483647;
			files = (
				384C0F5819C13C4300216DB2 /* XCTest.framework in Frameworks */,
				384C0F5A19C13C4300216DB2 /* UIKit.framework in Frameworks */,
				384C0F5919C13C4300216DB2 /* Foundation.framework in Frameworks */,
			);
			runOnlyForDeploymentPostprocessing = 0;
		};
/* End PBXFrameworksBuildPhase section */

/* Begin PBXGroup section */
		384C0F2619C13C4200216DB2 = {
			isa = PBXGroup;
			children = (
				384C0F3819C13C4200216DB2 /* EBookDemo */,
				384C0F5D19C13C4300216DB2 /* EBookDemoTests */,
				384C0F3119C13C4200216DB2 /* Frameworks */,
				384C0F3019C13C4200216DB2 /* Products */,
			);
			sourceTree = "<group>";
		};
		384C0F3019C13C4200216DB2 /* Products */ = {
			isa = PBXGroup;
			children = (
				384C0F2F19C13C4200216DB2 /* EBookDemo.app */,
				384C0F5619C13C4300216DB2 /* EBookDemoTests.xctest */,
			);
			name = Products;
			sourceTree = "<group>";
		};
		384C0F3119C13C4200216DB2 /* Frameworks */ = {
			isa = PBXGroup;
			children = (
				384C0F3219C13C4200216DB2 /* Foundation.framework */,
				384C0F3419C13C4200216DB2 /* CoreGraphics.framework */,
				384C0F3619C13C4200216DB2 /* UIKit.framework */,
				384C0F5719C13C4300216DB2 /* XCTest.framework */,
			);
			name = Frameworks;
			sourceTree = "<group>";
		};
		384C0F3819C13C4200216DB2 /* EBookDemo */ = {
			isa = PBXGroup;
			children = (
				384C0F6D19C1581200216DB2 /* Resources */,
				384C0F4119C13C4200216DB2 /* AppDelegate.h */,
				384C0F4219C13C4200216DB2 /* AppDelegate.m */,
				384C0F4419C13C4200216DB2 /* RootViewController.h */,
				384C0F4519C13C4200216DB2 /* RootViewController.m */,
				384C0F4719C13C4200216DB2 /* DataViewController.h */,
				384C0F4819C13C4200216DB2 /* DataViewController.m */,
				384C0F4D19C13C4200216DB2 /* Main.storyboard */,
				384C0F5019C13C4200216DB2 /* Images.xcassets */,
				384C0F3919C13C4200216DB2 /* Supporting Files */,
			);
			path = EBookDemo;
			sourceTree = "<group>";
		};
		384C0F3919C13C4200216DB2 /* Supporting Files */ = {
			isa = PBXGroup;
			children = (
				384C0F3A19C13C4200216DB2 /* EBookDemo-Info.plist */,
				384C0F3B19C13C4200216DB2 /* InfoPlist.strings */,
				384C0F3E19C13C4200216DB2 /* main.m */,
				384C0F4019C13C4200216DB2 /* EBookDemo-Prefix.pch */,
			);
			name = "Supporting Files";
			sourceTree = "<group>";
		};
		384C0F5D19C13C4300216DB2 /* EBookDemoTests */ = {
			isa = PBXGroup;
			children = (
				384C0F6319C13C4300216DB2 /* EBookDemoTests.m */,
				384C0F5E19C13C4300216DB2 /* Supporting Files */,
			);
			path = EBookDemoTests;
			sourceTree = "<group>";
		};
		384C0F5E19C13C4300216DB2 /* Supporting Files */ = {
			isa = PBXGroup;
			children = (
				384C0F5F19C13C4300216DB2 /* EBookDemoTests-Info.plist */,
				384C0F6019C13C4300216DB2 /* InfoPlist.strings */,
			);
			name = "Supporting Files";
			sourceTree = "<group>";
		};
		384C0F6D19C1581200216DB2 /* Resources */ = {
			isa = PBXGroup;
			children = (
				384C0F6E19C1581200216DB2 /* 1.jpg */,
				384C0F6F19C1581200216DB2 /* 10.jpg */,
				384C0F7019C1581200216DB2 /* 11.jpg */,
				384C0F7119C1581200216DB2 /* 12.jpg */,
				384C0F7219C1581200216DB2 /* 13.jpg */,
				384C0F7319C1581200216DB2 /* 14.jpg */,
				384C0F7419C1581200216DB2 /* 15.jpg */,
				384C0F7519C1581200216DB2 /* 2.jpg */,
				384C0F7619C1581200216DB2 /* 3.jpg */,
				384C0F7719C1581200216DB2 /* 4.jpg */,
				384C0F7819C1581200216DB2 /* 5.jpg */,
				384C0F7919C1581200216DB2 /* 6.jpg */,
				384C0F7A19C1581200216DB2 /* 7.jpg */,
				384C0F7B19C1581200216DB2 /* 8.jpg */,
				384C0F7C19C1581200216DB2 /* 9.jpg */,
			);
			path = Resources;
			sourceTree = "<group>";
		};
/* End PBXGroup section */

/* Begin PBXNativeTarget section */
		384C0F2E19C13C4200216DB2 /* EBookDemo */ = {
			isa = PBXNativeTarget;
			buildConfigurationList = 384C0F6719C13C4300216DB2 /* Build configuration list for PBXNativeTarget "EBookDemo" */;
			buildPhases = (
				384C0F2B19C13C4200216DB2 /* Sources */,
				384C0F2C19C13C4200216DB2 /* Frameworks */,
				384C0F2D19C13C4200216DB2 /* Resources */,
			);
			buildRules = (
			);
			dependencies = (
			);
			name = EBookDemo;
			productName = EBookDemo;
			productReference = 384C0F2F19C13C4200216DB2 /* EBookDemo.app */;
			productType = "com.apple.product-type.application";
		};
		384C0F5519C13C4300216DB2 /* EBookDemoTests */ = {
			isa = PBXNativeTarget;
			buildConfigurationList = 384C0F6A19C13C4300216DB2 /* Build configuration list for PBXNativeTarget "EBookDemoTests" */;
			buildPhases = (
				384C0F5219C13C4300216DB2 /* Sources */,
				384C0F5319C13C4300216DB2 /* Frameworks */,
				384C0F5419C13C4300216DB2 /* Resources */,
			);
			buildRules = (
			);
			dependencies = (
				384C0F5C19C13C4300216DB2 /* PBXTargetDependency */,
			);
			name = EBookDemoTests;
			productName = EBookDemoTests;
			productReference = 384C0F5619C13C4300216DB2 /* EBookDemoTests.xctest */;
			productType = "com.apple.product-type.bundle.unit-test";
		};
/* End PBXNativeTarget section */

/* Begin PBXProject section */
		384C0F2719C13C4200216DB2 /* Project object */ = {
			isa = PBXProject;
			attributes = {
				LastUpgradeCheck = 0510;
				ORGANIZATIONNAME = "Zhou Hao";
				TargetAttributes = {
					384C0F5519C13C4300216DB2 = {
						TestTargetID = 384C0F2E19C13C4200216DB2;
					};
				};
			};
			buildConfigurationList = 384C0F2A19C13C4200216DB2 /* Build configuration list for PBXProject "EBookDemo" */;
			compatibilityVersion = "Xcode 3.2";
			developmentRegion = English;
			hasScannedForEncodings = 0;
			knownRegions = (
				en,
				Base,
			);
			mainGroup = 384C0F2619C13C4200216DB2;
			productRefGroup = 384C0F3019C13C4200216DB2 /* Products */;
			projectDirPath = "";
			projectRoot = "";
			targets = (
				384C0F2E19C13C4200216DB2 /* EBookDemo */,
				384C0F5519C13C4300216DB2 /* EBookDemoTests */,
			);
		};
/* End PBXProject section */

/* Begin PBXResourcesBuildPhase section */
		384C0F2D19C13C4200216DB2 /* Resources */ = {
			isa = PBXResourcesBuildPhase;
			buildActionMask = 2147483647;
			files = (
				384C0F8419C1581200216DB2 /* 2.jpg in Resources */,
				384C0F8219C1581200216DB2 /* 14.jpg in Resources */,
				384C0F7E19C1581200216DB2 /* 10.jpg in Resources */,
				384C0F8519C1581200216DB2 /* 3.jpg in Resources */,
				384C0F8119C1581200216DB2 /* 13.jpg in Resources */,
				384C0F5119C13C4200216DB2 /* Images.xcassets in Resources */,
				384C0F8019C1581200216DB2 /* 12.jpg in Resources */,
				384C0F8319C1581200216DB2 /* 15.jpg in Resources */,
				384C0F7D19C1581200216DB2 /* 1.jpg in Resources */,
				384C0F8B19C1581200216DB2 /* 9.jpg in Resources */,
				384C0F8819C1581200216DB2 /* 6.jpg in Resources */,
				384C0F7F19C1581200216DB2 /* 11.jpg in Resources */,
				384C0F8A19C1581200216DB2 /* 8.jpg in Resources */,
				384C0F8919C1581200216DB2 /* 7.jpg in Resources */,
				384C0F3D19C13C4200216DB2 /* InfoPlist.strings in Resources */,
				384C0F8719C1581200216DB2 /* 5.jpg in Resources */,
				384C0F4F19C13C4200216DB2 /* Main.storyboard in Resources */,
				384C0F8619C1581200216DB2 /* 4.jpg in Resources */,
			);
			runOnlyForDeploymentPostprocessing = 0;
		};
		384C0F5419C13C4300216DB2 /* Resources */ = {
			isa = PBXResourcesBuildPhase;
			buildActionMask = 2147483647;
			files = (
				384C0F6219C13C4300216DB2 /* InfoPlist.strings in Resources */,
			);
			runOnlyForDeploymentPostprocessing = 0;
		};
/* End PBXResourcesBuildPhase section */

/* Begin PBXSourcesBuildPhase section */
		384C0F2B19C13C4200216DB2 /* Sources */ = {
			isa = PBXSourcesBuildPhase;
			buildActionMask = 2147483647;
			files = (
				384C0F4919C13C4200216DB2 /* DataViewController.m in Sources */,
				384C0F4319C13C4200216DB2 /* AppDelegate.m in Sources */,
				384C0F3F19C13C4200216DB2 /* main.m in Sources */,
				384C0F4619C13C4200216DB2 /* RootViewController.m in Sources */,
			);
			runOnlyForDeploymentPostprocessing = 0;
		};
		384C0F5219C13C4300216DB2 /* Sources */ = {
			isa = PBXSourcesBuildPhase;
			buildActionMask = 2147483647;
			files = (
				384C0F6419C13C4300216DB2 /* EBookDemoTests.m in Sources */,
			);
			runOnlyForDeploymentPostprocessing = 0;
		};
/* End PBXSourcesBuildPhase section */

/* Begin PBXTargetDependency section */
		384C0F5C19C13C4300216DB2 /* PBXTargetDependency */ = {
			isa = PBXTargetDependency;
			target = 384C0F2E19C13C4200216DB2 /* EBookDemo */;
			targetProxy = 384C0F5B19C13C4300216DB2 /* PBXContainerItemProxy */;
		};
/* End PBXTargetDependency section */

/* Begin PBXVariantGroup section */
		384C0F3B19C13C4200216DB2 /* InfoPlist.strings */ = {
			isa = PBXVariantGroup;
			children = (
				384C0F3C19C13C4200216DB2 /* en */,
			);
			name = InfoPlist.strings;
			sourceTree = "<group>";
		};
		384C0F4D19C13C4200216DB2 /* Main.storyboard */ = {
			isa = PBXVariantGroup;
			children = (
				384C0F4E19C13C4200216DB2 /* Base */,
			);
			name = Main.storyboard;
			sourceTree = "<group>";
		};
		384C0F6019C13C4300216DB2 /* InfoPlist.strings */ = {
			isa = PBXVariantGroup;
			children = (
				384C0F6119C13C4300216DB2 /* en */,
			);
			name = InfoPlist.strings;
			sourceTree = "<group>";
		};
/* End PBXVariantGroup section */

/* Begin XCBuildConfiguration section */
		384C0F6519C13C4300216DB2 /* Debug */ = {
			isa = XCBuildConfiguration;
			buildSettings = {
				ALWAYS_SEARCH_USER_PATHS = NO;
				CLANG_CXX_LANGUAGE_STANDARD = "gnu++0x";
				CLANG_CXX_LIBRARY = "libc++";
				CLANG_ENABLE_MODULES = YES;
				CLANG_ENABLE_OBJC_ARC = YES;
				CLANG_WARN_BOOL_CONVERSION = YES;
				CLANG_WARN_CONSTANT_CONVERSION = YES;
				CLANG_WARN_DIRECT_OBJC_ISA_USAGE = YES_ERROR;
				CLANG_WARN_EMPTY_BODY = YES;
				CLANG_WARN_ENUM_CONVERSION = YES;
				CLANG_WARN_INT_CONVERSION = YES;
				CLANG_WARN_OBJC_ROOT_CLASS = YES_ERROR;
				CLANG_WARN__DUPLICATE_METHOD_MATCH = YES;
				"CODE_SIGN_IDENTITY[sdk=iphoneos*]" = "iPhone Developer";
				COPY_PHASE_STRIP = NO;
				GCC_C_LANGUAGE_STANDARD = gnu99;
				GCC_DYNAMIC_NO_PIC = NO;
				GCC_OPTIMIZATION_LEVEL = 0;
				GCC_PREPROCESSOR_DEFINITIONS = (
					"DEBUG=1",
					"$(inherited)",
				);
				GCC_SYMBOLS_PRIVATE_EXTERN = NO;
				GCC_WARN_64_TO_32_BIT_CONVERSION = YES;
				GCC_WARN_ABOUT_RETURN_TYPE = YES_ERROR;
				GCC_WARN_UNDECLARED_SELECTOR = YES;
				GCC_WARN_UNINITIALIZED_AUTOS = YES_AGGRESSIVE;
				GCC_WARN_UNUSED_FUNCTION = YES;
				GCC_WARN_UNUSED_VARIABLE = YES;
				IPHONEOS_DEPLOYMENT_TARGET = 7.1;
				ONLY_ACTIVE_ARCH = YES;
				SDKROOT = iphoneos;
				TARGETED_DEVICE_FAMILY = 2;
			};
			name = Debug;
		};
		384C0F6619C13C4300216DB2 /* Release */ = {
			isa = XCBuildConfiguration;
			buildSettings = {
				ALWAYS_SEARCH_USER_PATHS = NO;
				CLANG_CXX_LANGUAGE_STANDARD = "gnu++0x";
				CLANG_CXX_LIBRARY = "libc++";
				CLANG_ENABLE_MODULES = YES;
				CLANG_ENABLE_OBJC_ARC = YES;
				CLANG_WARN_BOOL_CONVERSION = YES;
				CLANG_WARN_CONSTANT_CONVERSION = YES;
				CLANG_WARN_DIRECT_OBJC_ISA_USAGE = YES_ERROR;
				CLANG_WARN_EMPTY_BODY = YES;
				CLANG_WARN_ENUM_CONVERSION = YES;
				CLANG_WARN_INT_CONVERSION = YES;
				CLANG_WARN_OBJC_ROOT_CLASS = YES_ERROR;
				CLANG_WARN__DUPLICATE_METHOD_MATCH = YES;
				"CODE_SIGN_IDENTITY[sdk=iphoneos*]" = "iPhone Developer";
				COPY_PHASE_STRIP = YES;
				ENABLE_NS_ASSERTIONS = NO;
				GCC_C_LANGUAGE_STANDARD = gnu99;
				GCC_WARN_64_TO_32_BIT_CONVERSION = YES;
				GCC_WARN_ABOUT_RETURN_TYPE = YES_ERROR;
				GCC_WARN_UNDECLARED_SELECTOR = YES;
				GCC_WARN_UNINITIALIZED_AUTOS = YES_AGGRESSIVE;
				GCC_WARN_UNUSED_FUNCTION = YES;
				GCC_WARN_UNUSED_VARIABLE = YES;
				IPHONEOS_DEPLOYMENT_TARGET = 7.1;
				SDKROOT = iphoneos;
				TARGETED_DEVICE_FAMILY = 2;
				VALIDATE_PRODUCT = YES;
			};
			name = Release;
		};
		384C0F6819C13C4300216DB2 /* Debug */ = {
			isa = XCBuildConfiguration;
			buildSettings = {
				ASSETCATALOG_COMPILER_APPICON_NAME = AppIcon;
				ASSETCATALOG_COMPILER_LAUNCHIMAGE_NAME = LaunchImage;
				GCC_PRECOMPILE_PREFIX_HEADER = YES;
				GCC_PREFIX_HEADER = "EBookDemo/EBookDemo-Prefix.pch";
				INFOPLIST_FILE = "EBookDemo/EBookDemo-Info.plist";
				PRODUCT_NAME = "$(TARGET_NAME)";
				WRAPPER_EXTENSION = app;
			};
			name = Debug;
		};
		384C0F6919C13C4300216DB2 /* Release */ = {
			isa = XCBuildConfiguration;
			buildSettings = {
				ASSETCATALOG_COMPILER_APPICON_NAME = AppIcon;
				ASSETCATALOG_COMPILER_LAUNCHIMAGE_NAME = LaunchImage;
				GCC_PRECOMPILE_PREFIX_HEADER = YES;
				GCC_PREFIX_HEADER = "EBookDemo/EBookDemo-Prefix.pch";
				INFOPLIST_FILE = "EBookDemo/EBookDemo-Info.plist";
				PRODUCT_NAME = "$(TARGET_NAME)";
				WRAPPER_EXTENSION = app;
			};
			name = Release;
		};
		384C0F6B19C13C4300216DB2 /* Debug */ = {
			isa = XCBuildConfiguration;
			buildSettings = {
				BUNDLE_LOADER = "$(BUILT_PRODUCTS_DIR)/EBookDemo.app/EBookDemo";
				FRAMEWORK_SEARCH_PATHS = (
					"$(SDKROOT)/Developer/Library/Frameworks",
					"$(inherited)",
					"$(DEVELOPER_FRAMEWORKS_DIR)",
				);
				GCC_PRECOMPILE_PREFIX_HEADER = YES;
				GCC_PREFIX_HEADER = "EBookDemo/EBookDemo-Prefix.pch";
				GCC_PREPROCESSOR_DEFINITIONS = (
					"DEBUG=1",
					"$(inherited)",
				);
				INFOPLIST_FILE = "EBookDemoTests/EBookDemoTests-Info.plist";
				PRODUCT_NAME = "$(TARGET_NAME)";
				TEST_HOST = "$(BUNDLE_LOADER)";
				WRAPPER_EXTENSION = xctest;
			};
			name = Debug;
		};
		384C0F6C19C13C4300216DB2 /* Release */ = {
			isa = XCBuildConfiguration;
			buildSettings = {
				BUNDLE_LOADER = "$(BUILT_PRODUCTS_DIR)/EBookDemo.app/EBookDemo";
				FRAMEWORK_SEARCH_PATHS = (
					"$(SDKROOT)/Developer/Library/Frameworks",
					"$(inherited)",
					"$(DEVELOPER_FRAMEWORKS_DIR)",
				);
				GCC_PRECOMPILE_PREFIX_HEADER = YES;
				GCC_PREFIX_HEADER = "EBookDemo/EBookDemo-Prefix.pch";
				INFOPLIST_FILE = "EBookDemoTests/EBookDemoTests-Info.plist";
				PRODUCT_NAME = "$(TARGET_NAME)";
				TEST_HOST = "$(BUNDLE_LOADER)";
				WRAPPER_EXTENSION = xctest;
			};
			name = Release;
		};
/* End XCBuildConfiguration section */

/* Begin XCConfigurationList section */
		384C0F2A19C13C4200216DB2 /* Build configuration list for PBXProject "EBookDemo" */ = {
			isa = XCConfigurationList;
			buildConfigurations = (
				384C0F6519C13C4300216DB2 /* Debug */,
				384C0F6619C13C4300216DB2 /* Release */,
			);
			defaultConfigurationIsVisible = 0;
			defaultConfigurationName = Release;
		};
		384C0F6719C13C4300216DB2 /* Build configuration list for PBXNativeTarget "EBookDemo" */ = {
			isa = XCConfigurationList;
			buildConfigurations = (
				384C0F6819C13C4300216DB2 /* Debug */,
				384C0F6919C13C4300216DB2 /* Release */,
			);
			defaultConfigurationIsVisible = 0;
		};
		384C0F6A19C13C4300216DB2 /* Build configuration list for PBXNativeTarget "EBookDemoTests" */ = {
			isa = XCConfigurationList;
			buildConfigurations = (
				384C0F6B19C13C4300216DB2 /* Debug */,
				384C0F6C19C13C4300216DB2 /* Release */,
			);
			defaultConfigurationIsVisible = 0;
		};
/* End XCConfigurationList section */
	};
	rootObject = 384C0F2719C13C4200216DB2 /* Project object */;
}
